
Microsoft Visual Studio Solution File, Format Version 12.00
# Visual Studio 15
VisualStudioVersion = 15.0.28307.572
MinimumVisualStudioVersion = 10.0.40219.1
Project("{FAE04EC0-301F-11D3-BF4B-00C04F79EFBC}") = "DataAccess", "DataAccess\DataAccess.csproj", "{5456C95A-D910-4A42-B704-5A8E017975D4}"
EndProject
Project("{FAE04EC0-301F-11D3-BF4B-00C04F79EFBC}") = "GAPMVCUI", "GAPMVCUI\GAPMVCUI.csproj", "{3F470CD9-83E8-49F4-B832-DE705B77DCAC}"
EndProject
Project("{FAE04EC0-301F-11D3-BF4B-00C04F79EFBC}") = "GAPWEBAPI", "GAPWEBAPI\GAPWEBAPI.csproj", "{23A1A0D2-BDA4-44DC-85C1-F9F3E76BE62C}"
EndProject
Global
	GlobalSection(SolutionConfigurationPlatforms) = preSolution
		Debug|Any CPU = Debug|Any CPU
		Release|Any CPU = Release|Any CPU
	EndGlobalSection
	GlobalSection(ProjectConfigurationPlatforms) = postSolution
		{5456C95A-D910-4A42-B704-5A8E017975D4}.Debug|Any CPU.ActiveCfg = Debug|Any CPU
		{5456C95A-D910-4A42-B704-5A8E017975D4}.Debug|Any CPU.Build.0 = Debug|Any CPU
		{5456C95A-D910-4A42-B704-5A8E017975D4}.Release|Any CPU.ActiveCfg = Release|Any CPU
		{5456C95A-D910-4A42-B704-5A8E017975D4}.Release|Any CPU.Build.0 = Release|Any CPU
		{3F470CD9-83E8-49F4-B832-DE705B77DCAC}.Debug|Any CPU.ActiveCfg = Debug|Any CPU
		{3F470CD9-83E8-49F4-B832-DE705B77DCAC}.Debug|Any CPU.Build.0 = Debug|Any CPU
		{3F470CD9-83E8-49F4-B832-DE705B77DCAC}.Release|Any CPU.ActiveCfg = Release|Any CPU
		{3F470CD9-83E8-49F4-B832-DE705B77DCAC}.Release|Any CPU.Build.0 = Release|Any CPU
		{23A1A0D2-BDA4-44DC-85C1-F9F3E76BE62C}.Debug|Any CPU.ActiveCfg = Debug|Any CPU
		{23A1A0D2-BDA4-44DC-85C1-F9F3E76BE62C}.Debug|Any CPU.Build.0 = Debug|Any CPU
		{23A1A0D2-BDA4-44DC-85C1-F9F3E76BE62C}.Release|Any CPU.ActiveCfg = Release|Any CPU
		{23A1A0D2-BDA4-44DC-85C1-F9F3E76BE62C}.Release|Any CPU.Build.0 = Release|Any CPU
	EndGlobalSection
	GlobalSection(SolutionProperties) = preSolution
		HideSolutionNode = FALSE
	EndGlobalSection
	GlobalSection(ExtensibilityGlobals) = postSolution
		SolutionGuid = {DA20BD31-187D-40DA-B288-5446ECF91FAD}
	EndGlobalSection
EndGlobal
